
Microsoft Visual Studio Solution File, Format Version 12.00
# Visual Studio Express 15 for Windows Desktop
VisualStudioVersion = 15.0.28010.2003
MinimumVisualStudioVersion = 10.0.40219.1
Project("{FAE04EC0-301F-11D3-BF4B-00C04F79EFBC}") = "Entidades", "Entidades\Entidades.csproj", "{1C3074C2-974F-4F8F-AA63-7A1DA914EB98}"
EndProject
Project("{FAE04EC0-301F-11D3-BF4B-00C04F79EFBC}") = "MiCalculadora", "MiCalculadora\MiCalculadora.csproj", "{8F477398-13E9-4F11-B6DA-766C99DBE512}"
EndProject
Global
	GlobalSection(SolutionConfigurationPlatforms) = preSolution
		Debug|Any CPU = Debug|Any CPU
		Release|Any CPU = Release|Any CPU
	EndGlobalSection
	GlobalSection(ProjectConfigurationPlatforms) = postSolution
		{1C3074C2-974F-4F8F-AA63-7A1DA914EB98}.Debug|Any CPU.ActiveCfg = Debug|Any CPU
		{1C3074C2-974F-4F8F-AA63-7A1DA914EB98}.Debug|Any CPU.Build.0 = Debug|Any CPU
		{1C3074C2-974F-4F8F-AA63-7A1DA914EB98}.Release|Any CPU.ActiveCfg = Release|Any CPU
		{1C3074C2-974F-4F8F-AA63-7A1DA914EB98}.Release|Any CPU.Build.0 = Release|Any CPU
		{8F477398-13E9-4F11-B6DA-766C99DBE512}.Debug|Any CPU.ActiveCfg = Debug|Any CPU
		{8F477398-13E9-4F11-B6DA-766C99DBE512}.Debug|Any CPU.Build.0 = Debug|Any CPU
		{8F477398-13E9-4F11-B6DA-766C99DBE512}.Release|Any CPU.ActiveCfg = Release|Any CPU
		{8F477398-13E9-4F11-B6DA-766C99DBE512}.Release|Any CPU.Build.0 = Release|Any CPU
	EndGlobalSection
	GlobalSection(SolutionProperties) = preSolution
		HideSolutionNode = FALSE
	EndGlobalSection
	GlobalSection(ExtensibilityGlobals) = postSolution
		SolutionGuid = {BB995AF5-530D-4C44-A2FA-4A5D42B7B874}
	EndGlobalSection
EndGlobal
