
Microsoft Visual Studio Solution File, Format Version 12.00
# Visual Studio Express 15 for Windows Desktop
VisualStudioVersion = 15.0.28010.2003
MinimumVisualStudioVersion = 10.0.40219.1
Project("{FAE04EC0-301F-11D3-BF4B-00C04F79EFBC}") = "Entidades", "Entidades\Entidades.csproj", "{F4062A00-C891-4EA5-AA1B-E7E12301EB13}"
EndProject
Project("{FAE04EC0-301F-11D3-BF4B-00C04F79EFBC}") = "MainCorreo", "MainCorreo\MainCorreo.csproj", "{77392040-DAAB-4B4A-AC63-1A7615109889}"
EndProject
Project("{FAE04EC0-301F-11D3-BF4B-00C04F79EFBC}") = "TestUnitarios", "TestUnitarios\TestUnitarios.csproj", "{9655FA96-00DA-428B-854D-6577A29D8949}"
EndProject
Global
	GlobalSection(SolutionConfigurationPlatforms) = preSolution
		Debug|Any CPU = Debug|Any CPU
		Release|Any CPU = Release|Any CPU
	EndGlobalSection
	GlobalSection(ProjectConfigurationPlatforms) = postSolution
		{F4062A00-C891-4EA5-AA1B-E7E12301EB13}.Debug|Any CPU.ActiveCfg = Debug|Any CPU
		{F4062A00-C891-4EA5-AA1B-E7E12301EB13}.Debug|Any CPU.Build.0 = Debug|Any CPU
		{F4062A00-C891-4EA5-AA1B-E7E12301EB13}.Release|Any CPU.ActiveCfg = Release|Any CPU
		{F4062A00-C891-4EA5-AA1B-E7E12301EB13}.Release|Any CPU.Build.0 = Release|Any CPU
		{77392040-DAAB-4B4A-AC63-1A7615109889}.Debug|Any CPU.ActiveCfg = Debug|Any CPU
		{77392040-DAAB-4B4A-AC63-1A7615109889}.Debug|Any CPU.Build.0 = Debug|Any CPU
		{77392040-DAAB-4B4A-AC63-1A7615109889}.Release|Any CPU.ActiveCfg = Release|Any CPU
		{77392040-DAAB-4B4A-AC63-1A7615109889}.Release|Any CPU.Build.0 = Release|Any CPU
		{9655FA96-00DA-428B-854D-6577A29D8949}.Debug|Any CPU.ActiveCfg = Debug|Any CPU
		{9655FA96-00DA-428B-854D-6577A29D8949}.Debug|Any CPU.Build.0 = Debug|Any CPU
		{9655FA96-00DA-428B-854D-6577A29D8949}.Release|Any CPU.ActiveCfg = Release|Any CPU
		{9655FA96-00DA-428B-854D-6577A29D8949}.Release|Any CPU.Build.0 = Release|Any CPU
	EndGlobalSection
	GlobalSection(SolutionProperties) = preSolution
		HideSolutionNode = FALSE
	EndGlobalSection
	GlobalSection(ExtensibilityGlobals) = postSolution
		SolutionGuid = {174F6F44-D449-46EC-9BF9-277364D8ACDB}
	EndGlobalSection
EndGlobal
