
Microsoft Visual Studio Solution File, Format Version 12.00
# Visual Studio 2012
Project("{FAE04EC0-301F-11D3-BF4B-00C04F79EFBC}") = "Entidades", "Entidades\Entidades.csproj", "{255DFFD4-244B-430B-A4A6-F834A2DE1D60}"
EndProject
Project("{FAE04EC0-301F-11D3-BF4B-00C04F79EFBC}") = "FrmPpal", "FrmPpal\FrmPpal.csproj", "{821DE2FB-28BE-4A57-8870-F5174B95BCED}"
EndProject
Project("{FAE04EC0-301F-11D3-BF4B-00C04F79EFBC}") = "Test", "Test\Test.csproj", "{2F690C6D-8E1F-4417-9EB1-FFB093F59444}"
EndProject
Global
	GlobalSection(SolutionConfigurationPlatforms) = preSolution
		Debug|Any CPU = Debug|Any CPU
		Release|Any CPU = Release|Any CPU
	EndGlobalSection
	GlobalSection(ProjectConfigurationPlatforms) = postSolution
		{255DFFD4-244B-430B-A4A6-F834A2DE1D60}.Debug|Any CPU.ActiveCfg = Debug|Any CPU
		{255DFFD4-244B-430B-A4A6-F834A2DE1D60}.Debug|Any CPU.Build.0 = Debug|Any CPU
		{255DFFD4-244B-430B-A4A6-F834A2DE1D60}.Release|Any CPU.ActiveCfg = Release|Any CPU
		{255DFFD4-244B-430B-A4A6-F834A2DE1D60}.Release|Any CPU.Build.0 = Release|Any CPU
		{821DE2FB-28BE-4A57-8870-F5174B95BCED}.Debug|Any CPU.ActiveCfg = Debug|Any CPU
		{821DE2FB-28BE-4A57-8870-F5174B95BCED}.Debug|Any CPU.Build.0 = Debug|Any CPU
		{821DE2FB-28BE-4A57-8870-F5174B95BCED}.Release|Any CPU.ActiveCfg = Release|Any CPU
		{821DE2FB-28BE-4A57-8870-F5174B95BCED}.Release|Any CPU.Build.0 = Release|Any CPU
		{2F690C6D-8E1F-4417-9EB1-FFB093F59444}.Debug|Any CPU.ActiveCfg = Debug|Any CPU
		{2F690C6D-8E1F-4417-9EB1-FFB093F59444}.Debug|Any CPU.Build.0 = Debug|Any CPU
		{2F690C6D-8E1F-4417-9EB1-FFB093F59444}.Release|Any CPU.ActiveCfg = Release|Any CPU
		{2F690C6D-8E1F-4417-9EB1-FFB093F59444}.Release|Any CPU.Build.0 = Release|Any CPU
	EndGlobalSection
	GlobalSection(SolutionProperties) = preSolution
		HideSolutionNode = FALSE
	EndGlobalSection
	GlobalSection(ExtensibilityGlobals) = postSolution
		SolutionGuid = {2AB30BE1-2353-4674-A047-8D90B3CB8E64}
	EndGlobalSection
EndGlobal
